
Microsoft Visual Studio Solution File, Format Version 12.00
# Visual Studio Version 17
VisualStudioVersion = 17.11.35312.102
MinimumVisualStudioVersion = 10.0.40219.1
Project("{FAE04EC0-301F-11D3-BF4B-00C04F79EFBC}") = "PassionProject", "PassionProject\PassionProject.csproj", "{23D3B73C-CCA3-48CD-8EB1-E0B2229205DF}"
EndProject
Global
	GlobalSection(SolutionConfigurationPlatforms) = preSolution
		Debug|Any CPU = Debug|Any CPU
		Release|Any CPU = Release|Any CPU
	EndGlobalSection
	GlobalSection(ProjectConfigurationPlatforms) = postSolution
		{23D3B73C-CCA3-48CD-8EB1-E0B2229205DF}.Debug|Any CPU.ActiveCfg = Debug|Any CPU
		{23D3B73C-CCA3-48CD-8EB1-E0B2229205DF}.Debug|Any CPU.Build.0 = Debug|Any CPU
		{23D3B73C-CCA3-48CD-8EB1-E0B2229205DF}.Release|Any CPU.ActiveCfg = Release|Any CPU
		{23D3B73C-CCA3-48CD-8EB1-E0B2229205DF}.Release|Any CPU.Build.0 = Release|Any CPU
	EndGlobalSection
	GlobalSection(SolutionProperties) = preSolution
		HideSolutionNode = FALSE
	EndGlobalSection
	GlobalSection(ExtensibilityGlobals) = postSolution
		SolutionGuid = {154E7904-F4C0-491A-8D6A-C19E798E6158}
	EndGlobalSection
EndGlobal
